<?xml version="1.0" encoding="utf-8"?>
<Project ToolsVersion="15.0" xmlns="http://schemas.microsoft.com/developer/msbuild/2003">
  <ItemGroup>
    <Filter Include="Common">
      <UniqueIdentifier>451a4b3a-1333-4e40-bda0-7365e2ca612c</UniqueIdentifier>
    </Filter>
    <Filter Include="Assets">
      <UniqueIdentifier>59d3bfc3-3ef1-41d7-9ab8-8384c519a5ac</UniqueIdentifier>
      <Extensions>bmp;fbx;gif;jpg;jpeg;tga;tiff;tif;png</Extensions>
    </Filter>
  </ItemGroup>
  <ItemGroup>
    <ApplicationDefinition Include="App.xaml" />
  </ItemGroup>
  <ItemGroup>
    <ClCompile Include="App.xaml.cpp" />
    <ClCompile Include="MainPage.xaml.cpp" />
    <ClCompile Include="pch.cpp" />
    <ClCompile Include="..\GraphEditor3b\DrawableEdge.cpp" />
    <ClCompile Include="..\GraphEditor3b\DrawableGraph.cpp" />
    <ClCompile Include="..\GraphEditor3b\DrawableVertex.cpp" />
    <ClCompile Include="..\GraphEditor3b\DrawingContext.cpp" />
    <ClCompile Include="..\GraphEditor3b\Edge.cpp" />
    <ClCompile Include="..\GraphEditor3b\Graph.cpp" />
    <ClCompile Include="..\GraphEditor3b\Vertex.cpp" />
  </ItemGroup>
  <ItemGroup>
    <ClInclude Include="pch.h" />
    <ClInclude Include="App.xaml.h" />
    <ClInclude Include="MainPage.xaml.h" />
    <ClInclude Include="..\GraphEditor3b\DrawableEdge.h" />
    <ClInclude Include="..\GraphEditor3b\DrawableGraph.h" />
    <ClInclude Include="..\GraphEditor3b\DrawableVertex.h" />
    <ClInclude Include="..\GraphEditor3b\DrawingContext.h" />
    <ClInclude Include="..\GraphEditor3b\Edge.h" />
    <ClInclude Include="..\GraphEditor3b\EdgeDirection.h" />
    <ClInclude Include="..\GraphEditor3b\Graph.h" />
    <ClInclude Include="..\GraphEditor3b\Vertex.h" />
  </ItemGroup>
  <ItemGroup>
    <Image Include="Assets\LockScreenLogo.scale-200.png">
      <Filter>Assets</Filter>
    </Image>
    <Image Include="Assets\SplashScreen.scale-200.png">
      <Filter>Assets</Filter>
    </Image>
    <Image Include="Assets\Square150x150Logo.scale-200.png">
      <Filter>Assets</Filter>
    </Image>
    <Image Include="Assets\Square44x44Logo.scale-200.png">
      <Filter>Assets</Filter>
    </Image>
    <Image Include="Assets\Square44x44Logo.targetsize-24_altform-unplated.png">
      <Filter>Assets</Filter>
    </Image>
    <Image Include="Assets\StoreLogo.png">
      <Filter>Assets</Filter>
    </Image>
    <Image Include="Assets\Wide310x150Logo.scale-200.png">
      <Filter>Assets</Filter>
    </Image>
  </ItemGroup>
  <ItemGroup>
    <AppxManifest Include="Package.appxmanifest" />
  </ItemGroup>
  <ItemGroup>
    <None Include="GraphEditor3b2_TemporaryKey.pfx" />
    <None Include="packages.config" />
  </ItemGroup>
  <ItemGroup>
    <Page Include="MainPage.xaml" />
  </ItemGroup>
</Project>